{
    "name": "@exhausted-pigeon/uniswap-v3-forge-quoter",
    "version": "1.0.1",
    "lockfileVersion": 3,
    "requires": true,
    "packages": {
        "": {
            "name": "@exhausted-pigeon/uniswap-v3-forge-quoter",
            "version": "1.0.1",
            "license": "MIT",
            "dependencies": {
                "@uniswap/v3-core": "^1.0.2-solc-0.8-simulate"
            }
        },
        "node_modules/@uniswap/v3-core": {
            "version": "1.0.2-solc-0.8-simulate",
            "resolved": "https://registry.npmjs.org/@uniswap/v3-core/-/v3-core-1.0.2-solc-0.8-simulate.tgz",
            "integrity": "sha512-ALAZbsb3wvUrRzeAjrTKjv1fH7UrueJ/+D8uX4yintXHxxzbnnp78Kis2pa4D26cFQ72rwM3DrZpUES9rhsEuQ==",
            "engines": {
                "node": ">=10"
            }
        }
    }
}
